{
    "hash": "ff87c876cb5bac437804b70c4abd38d8",
    "packages": [
        {
            "package": "symfony/process",
            "version": "dev-master",
            "alias-pretty-version": "2.2.x-dev",
            "alias-version": "2.2.9999999.9999999-dev"
        },
        {
            "package": "symfony/process",
            "version": "dev-master",
            "source-reference": "8c3152e3d71a859a53418fa60c64e411bff249df",
            "commit-date": "1346957130"
        }
    ],
    "packages-dev": null,
    "aliases": [

    ],
    "minimum-stability": "stable",
    "stability-flags": {
        "symfony/process": 20
    }
}
